
Microsoft Visual Studio Solution File, Format Version 12.00
# Visual Studio 15
VisualStudioVersion = 15.0.28307.271
MinimumVisualStudioVersion = 10.0.40219.1
Project("{888888A0-9F3D-457C-B088-3A5042F75D52}") = "DashExamples", "DashExamples\DashExamples.pyproj", "{B660EEA9-3A8A-4FDD-BEB6-FF791EE6AE61}"
EndProject
Global
	GlobalSection(SolutionConfigurationPlatforms) = preSolution
		Debug|Any CPU = Debug|Any CPU
		Release|Any CPU = Release|Any CPU
	EndGlobalSection
	GlobalSection(ProjectConfigurationPlatforms) = postSolution
		{B660EEA9-3A8A-4FDD-BEB6-FF791EE6AE61}.Debug|Any CPU.ActiveCfg = Debug|Any CPU
		{B660EEA9-3A8A-4FDD-BEB6-FF791EE6AE61}.Debug|Any CPU.Build.0 = Debug|Any CPU
		{B660EEA9-3A8A-4FDD-BEB6-FF791EE6AE61}.Release|Any CPU.ActiveCfg = Release|Any CPU
		{B660EEA9-3A8A-4FDD-BEB6-FF791EE6AE61}.Release|Any CPU.Build.0 = Release|Any CPU
	EndGlobalSection
	GlobalSection(SolutionProperties) = preSolution
		HideSolutionNode = FALSE
	EndGlobalSection
	GlobalSection(ExtensibilityGlobals) = postSolution
		SolutionGuid = {D916A565-554E-443F-82F9-9032E3B840E5}
	EndGlobalSection
EndGlobal
